
Microsoft Visual Studio Solution File, Format Version 12.00
# Visual Studio 2013
VisualStudioVersion = 12.0.30723.0
MinimumVisualStudioVersion = 10.0.40219.1
Project("{FAE04EC0-301F-11D3-BF4B-00C04F79EFBC}") = "FootprintsServiceCoreToolkit", "FootprintsServiceCoreToolkit\FootprintsServiceCoreToolkit.csproj", "{6601C6D1-57EF-40E5-A57E-F3E5FF007638}"
EndProject
Project("{FAE04EC0-301F-11D3-BF4B-00C04F79EFBC}") = "FootprintsServiceCoreToolkit.Tests", "FootprintsServiceCoreToolkit.Tests\FootprintsServiceCoreToolkit.Tests.csproj", "{58A470CD-E4FE-48B0-AC75-D8AC202BF4EE}"
EndProject
Project("{2150E333-8FDC-42A3-9474-1A3956D46DE8}") = "Solution Items", "Solution Items", "{B80A2C77-AE6A-482C-A366-09DB5B9C1149}"
	ProjectSection(SolutionItems) = preProject
		..\appveyor.yml = ..\appveyor.yml
		..\nuget\FootprintsServiceCoreToolkit.nuspec = ..\nuget\FootprintsServiceCoreToolkit.nuspec
		..\LICENSE.md = ..\LICENSE.md
		..\nuget\pack.ps1 = ..\nuget\pack.ps1
		..\README.md = ..\README.md
	EndProjectSection
EndProject
Project("{2150E333-8FDC-42A3-9474-1A3956D46DE8}") = ".nuget", ".nuget", "{8B02C4B7-EE3D-4381-AB29-C4A39E5675A3}"
	ProjectSection(SolutionItems) = preProject
		.nuget\NuGet.Config = .nuget\NuGet.Config
		.nuget\NuGet.exe = .nuget\NuGet.exe
		.nuget\NuGet.targets = .nuget\NuGet.targets
	EndProjectSection
EndProject
Global
	GlobalSection(SolutionConfigurationPlatforms) = preSolution
		Debug|Any CPU = Debug|Any CPU
		Release|Any CPU = Release|Any CPU
	EndGlobalSection
	GlobalSection(ProjectConfigurationPlatforms) = postSolution
		{6601C6D1-57EF-40E5-A57E-F3E5FF007638}.Debug|Any CPU.ActiveCfg = Debug|Any CPU
		{6601C6D1-57EF-40E5-A57E-F3E5FF007638}.Debug|Any CPU.Build.0 = Debug|Any CPU
		{6601C6D1-57EF-40E5-A57E-F3E5FF007638}.Release|Any CPU.ActiveCfg = Release|Any CPU
		{6601C6D1-57EF-40E5-A57E-F3E5FF007638}.Release|Any CPU.Build.0 = Release|Any CPU
		{58A470CD-E4FE-48B0-AC75-D8AC202BF4EE}.Debug|Any CPU.ActiveCfg = Debug|Any CPU
		{58A470CD-E4FE-48B0-AC75-D8AC202BF4EE}.Debug|Any CPU.Build.0 = Debug|Any CPU
		{58A470CD-E4FE-48B0-AC75-D8AC202BF4EE}.Release|Any CPU.ActiveCfg = Release|Any CPU
		{58A470CD-E4FE-48B0-AC75-D8AC202BF4EE}.Release|Any CPU.Build.0 = Release|Any CPU
	EndGlobalSection
	GlobalSection(SolutionProperties) = preSolution
		HideSolutionNode = FALSE
	EndGlobalSection
EndGlobal
